
Microsoft Visual Studio Solution File, Format Version 12.00
# Visual Studio Version 16
VisualStudioVersion = 16.0.30621.155
MinimumVisualStudioVersion = 10.0.40219.1
Project("{9A19103F-16F7-4668-BE54-9A1E7A4F7556}") = "SecretUtils", "SecretUtils\SecretUtils.csproj", "{813BB4D6-01E6-42C6-9457-85B5D4F1943F}"
EndProject
Project("{FAE04EC0-301F-11D3-BF4B-00C04F79EFBC}") = "SecretTest", "SecretTest\SecretTest.csproj", "{20ADC601-995C-4102-897D-4B40A3F1C4ED}"
EndProject
Global
	GlobalSection(SolutionConfigurationPlatforms) = preSolution
		Debug|Any CPU = Debug|Any CPU
		Release|Any CPU = Release|Any CPU
	EndGlobalSection
	GlobalSection(ProjectConfigurationPlatforms) = postSolution
		{813BB4D6-01E6-42C6-9457-85B5D4F1943F}.Debug|Any CPU.ActiveCfg = Debug|Any CPU
		{813BB4D6-01E6-42C6-9457-85B5D4F1943F}.Debug|Any CPU.Build.0 = Debug|Any CPU
		{813BB4D6-01E6-42C6-9457-85B5D4F1943F}.Release|Any CPU.ActiveCfg = Release|Any CPU
		{813BB4D6-01E6-42C6-9457-85B5D4F1943F}.Release|Any CPU.Build.0 = Release|Any CPU
		{20ADC601-995C-4102-897D-4B40A3F1C4ED}.Debug|Any CPU.ActiveCfg = Debug|Any CPU
		{20ADC601-995C-4102-897D-4B40A3F1C4ED}.Debug|Any CPU.Build.0 = Debug|Any CPU
		{20ADC601-995C-4102-897D-4B40A3F1C4ED}.Release|Any CPU.ActiveCfg = Release|Any CPU
		{20ADC601-995C-4102-897D-4B40A3F1C4ED}.Release|Any CPU.Build.0 = Release|Any CPU
	EndGlobalSection
	GlobalSection(SolutionProperties) = preSolution
		HideSolutionNode = FALSE
	EndGlobalSection
	GlobalSection(ExtensibilityGlobals) = postSolution
		SolutionGuid = {D11241EE-C32E-4900-BBB5-FA903B8A4B56}
	EndGlobalSection
EndGlobal
